
Microsoft Visual Studio Solution File, Format Version 12.00
# Visual Studio 15
VisualStudioVersion = 15.0.28010.2041
MinimumVisualStudioVersion = 10.0.40219.1
Project("{FAE04EC0-301F-11D3-BF4B-00C04F79EFBC}") = "Game1", "Game1\Game1.csproj", "{508EA0C8-8D60-48EB-9ACC-8C1632E1E577}"
EndProject
Global
	GlobalSection(SolutionConfigurationPlatforms) = preSolution
		Debug|x86 = Debug|x86
		Release|x86 = Release|x86
	EndGlobalSection
	GlobalSection(ProjectConfigurationPlatforms) = postSolution
		{508EA0C8-8D60-48EB-9ACC-8C1632E1E577}.Debug|x86.ActiveCfg = Debug|x86
		{508EA0C8-8D60-48EB-9ACC-8C1632E1E577}.Debug|x86.Build.0 = Debug|x86
		{508EA0C8-8D60-48EB-9ACC-8C1632E1E577}.Release|x86.ActiveCfg = Release|x86
		{508EA0C8-8D60-48EB-9ACC-8C1632E1E577}.Release|x86.Build.0 = Release|x86
	EndGlobalSection
	GlobalSection(SolutionProperties) = preSolution
		HideSolutionNode = FALSE
	EndGlobalSection
	GlobalSection(ExtensibilityGlobals) = postSolution
		SolutionGuid = {027E4CE6-6306-4315-A16F-ABAB7E371266}
	EndGlobalSection
EndGlobal
